
Microsoft Visual Studio Solution File, Format Version 12.00
# Visual Studio Version 17
VisualStudioVersion = 17.3.32811.315
MinimumVisualStudioVersion = 10.0.40219.1
Project("{8BC9CEB8-8B4A-11D0-8D11-00A0C91BC942}") = "ClassObject", "ClassObject.vcxproj", "{3CF81EC0-9A70-4FAB-ACE2-928E4C6C48BE}"
EndProject
Global
	GlobalSection(SolutionConfigurationPlatforms) = preSolution
		Debug|x64 = Debug|x64
		Debug|x86 = Debug|x86
		Release|x64 = Release|x64
		Release|x86 = Release|x86
	EndGlobalSection
	GlobalSection(ProjectConfigurationPlatforms) = postSolution
		{3CF81EC0-9A70-4FAB-ACE2-928E4C6C48BE}.Debug|x64.ActiveCfg = Debug|x64
		{3CF81EC0-9A70-4FAB-ACE2-928E4C6C48BE}.Debug|x64.Build.0 = Debug|x64
		{3CF81EC0-9A70-4FAB-ACE2-928E4C6C48BE}.Debug|x86.ActiveCfg = Debug|Win32
		{3CF81EC0-9A70-4FAB-ACE2-928E4C6C48BE}.Debug|x86.Build.0 = Debug|Win32
		{3CF81EC0-9A70-4FAB-ACE2-928E4C6C48BE}.Release|x64.ActiveCfg = Release|x64
		{3CF81EC0-9A70-4FAB-ACE2-928E4C6C48BE}.Release|x64.Build.0 = Release|x64
		{3CF81EC0-9A70-4FAB-ACE2-928E4C6C48BE}.Release|x86.ActiveCfg = Release|Win32
		{3CF81EC0-9A70-4FAB-ACE2-928E4C6C48BE}.Release|x86.Build.0 = Release|Win32
	EndGlobalSection
	GlobalSection(SolutionProperties) = preSolution
		HideSolutionNode = FALSE
	EndGlobalSection
	GlobalSection(ExtensibilityGlobals) = postSolution
		SolutionGuid = {DF4FAB65-0EB4-4F3D-BED1-90C0B4245052}
	EndGlobalSection
EndGlobal
