
Microsoft Visual Studio Solution File, Format Version 12.00
# Visual Studio Version 17
VisualStudioVersion = 17.3.32811.315
MinimumVisualStudioVersion = 10.0.40219.1
Project("{8BC9CEB8-8B4A-11D0-8D11-00A0C91BC942}") = "SharedPointerApp", "SharedPointerApp.vcxproj", "{FE6C4F28-DE55-499A-9931-BEE770C3EB4D}"
EndProject
Global
	GlobalSection(SolutionConfigurationPlatforms) = preSolution
		Debug|x64 = Debug|x64
		Debug|x86 = Debug|x86
		Release|x64 = Release|x64
		Release|x86 = Release|x86
	EndGlobalSection
	GlobalSection(ProjectConfigurationPlatforms) = postSolution
		{FE6C4F28-DE55-499A-9931-BEE770C3EB4D}.Debug|x64.ActiveCfg = Debug|x64
		{FE6C4F28-DE55-499A-9931-BEE770C3EB4D}.Debug|x64.Build.0 = Debug|x64
		{FE6C4F28-DE55-499A-9931-BEE770C3EB4D}.Debug|x86.ActiveCfg = Debug|Win32
		{FE6C4F28-DE55-499A-9931-BEE770C3EB4D}.Debug|x86.Build.0 = Debug|Win32
		{FE6C4F28-DE55-499A-9931-BEE770C3EB4D}.Release|x64.ActiveCfg = Release|x64
		{FE6C4F28-DE55-499A-9931-BEE770C3EB4D}.Release|x64.Build.0 = Release|x64
		{FE6C4F28-DE55-499A-9931-BEE770C3EB4D}.Release|x86.ActiveCfg = Release|Win32
		{FE6C4F28-DE55-499A-9931-BEE770C3EB4D}.Release|x86.Build.0 = Release|Win32
	EndGlobalSection
	GlobalSection(SolutionProperties) = preSolution
		HideSolutionNode = FALSE
	EndGlobalSection
	GlobalSection(ExtensibilityGlobals) = postSolution
		SolutionGuid = {E4AB3577-8509-406A-BBA3-3ECB2F8E5FCC}
	EndGlobalSection
EndGlobal
