
Microsoft Visual Studio Solution File, Format Version 12.00
# Visual Studio Version 17
VisualStudioVersion = 17.3.32811.315
MinimumVisualStudioVersion = 10.0.40219.1
Project("{8BC9CEB8-8B4A-11D0-8D11-00A0C91BC942}") = "OverloadingWithHeaderFileApp", "OverloadingWithHeaderFileApp.vcxproj", "{23E5201D-7648-47A1-B7B1-F343C53E6664}"
EndProject
Global
	GlobalSection(SolutionConfigurationPlatforms) = preSolution
		Debug|x64 = Debug|x64
		Debug|x86 = Debug|x86
		Release|x64 = Release|x64
		Release|x86 = Release|x86
	EndGlobalSection
	GlobalSection(ProjectConfigurationPlatforms) = postSolution
		{23E5201D-7648-47A1-B7B1-F343C53E6664}.Debug|x64.ActiveCfg = Debug|x64
		{23E5201D-7648-47A1-B7B1-F343C53E6664}.Debug|x64.Build.0 = Debug|x64
		{23E5201D-7648-47A1-B7B1-F343C53E6664}.Debug|x86.ActiveCfg = Debug|Win32
		{23E5201D-7648-47A1-B7B1-F343C53E6664}.Debug|x86.Build.0 = Debug|Win32
		{23E5201D-7648-47A1-B7B1-F343C53E6664}.Release|x64.ActiveCfg = Release|x64
		{23E5201D-7648-47A1-B7B1-F343C53E6664}.Release|x64.Build.0 = Release|x64
		{23E5201D-7648-47A1-B7B1-F343C53E6664}.Release|x86.ActiveCfg = Release|Win32
		{23E5201D-7648-47A1-B7B1-F343C53E6664}.Release|x86.Build.0 = Release|Win32
	EndGlobalSection
	GlobalSection(SolutionProperties) = preSolution
		HideSolutionNode = FALSE
	EndGlobalSection
	GlobalSection(ExtensibilityGlobals) = postSolution
		SolutionGuid = {56C2C162-AD04-4FA3-987E-25BE48FBD693}
	EndGlobalSection
EndGlobal
