
Microsoft Visual Studio Solution File, Format Version 12.00
# Visual Studio Version 17
VisualStudioVersion = 17.3.32811.315
MinimumVisualStudioVersion = 10.0.40219.1
Project("{8BC9CEB8-8B4A-11D0-8D11-00A0C91BC942}") = "OverloadingApp", "OverloadingApp.vcxproj", "{D1F9F031-0AD5-4D33-A03C-EAA35A024CBA}"
EndProject
Global
	GlobalSection(SolutionConfigurationPlatforms) = preSolution
		Debug|x64 = Debug|x64
		Debug|x86 = Debug|x86
		Release|x64 = Release|x64
		Release|x86 = Release|x86
	EndGlobalSection
	GlobalSection(ProjectConfigurationPlatforms) = postSolution
		{D1F9F031-0AD5-4D33-A03C-EAA35A024CBA}.Debug|x64.ActiveCfg = Debug|x64
		{D1F9F031-0AD5-4D33-A03C-EAA35A024CBA}.Debug|x64.Build.0 = Debug|x64
		{D1F9F031-0AD5-4D33-A03C-EAA35A024CBA}.Debug|x86.ActiveCfg = Debug|Win32
		{D1F9F031-0AD5-4D33-A03C-EAA35A024CBA}.Debug|x86.Build.0 = Debug|Win32
		{D1F9F031-0AD5-4D33-A03C-EAA35A024CBA}.Release|x64.ActiveCfg = Release|x64
		{D1F9F031-0AD5-4D33-A03C-EAA35A024CBA}.Release|x64.Build.0 = Release|x64
		{D1F9F031-0AD5-4D33-A03C-EAA35A024CBA}.Release|x86.ActiveCfg = Release|Win32
		{D1F9F031-0AD5-4D33-A03C-EAA35A024CBA}.Release|x86.Build.0 = Release|Win32
	EndGlobalSection
	GlobalSection(SolutionProperties) = preSolution
		HideSolutionNode = FALSE
	EndGlobalSection
	GlobalSection(ExtensibilityGlobals) = postSolution
		SolutionGuid = {AE79BDF7-7594-4734-B056-41511794CFC2}
	EndGlobalSection
EndGlobal
